
Microsoft Visual Studio Solution File, Format Version 12.00
# Visual Studio Version 17
VisualStudioVersion = 17.8.34322.80
MinimumVisualStudioVersion = 10.0.40219.1
Project("{9A19103F-16F7-4668-BE54-9A1E7A4F7556}") = "Shortcut_reminder", "Shortcut_reminder.csproj", "{DCEDA70F-1C14-4FFC-84D2-D5252C805B2F}"
EndProject
Global
	GlobalSection(SolutionConfigurationPlatforms) = preSolution
		Debug|Any CPU = Debug|Any CPU
		Release|Any CPU = Release|Any CPU
	EndGlobalSection
	GlobalSection(ProjectConfigurationPlatforms) = postSolution
		{DCEDA70F-1C14-4FFC-84D2-D5252C805B2F}.Debug|Any CPU.ActiveCfg = Debug|Any CPU
		{DCEDA70F-1C14-4FFC-84D2-D5252C805B2F}.Debug|Any CPU.Build.0 = Debug|Any CPU
		{DCEDA70F-1C14-4FFC-84D2-D5252C805B2F}.Release|Any CPU.ActiveCfg = Release|Any CPU
		{DCEDA70F-1C14-4FFC-84D2-D5252C805B2F}.Release|Any CPU.Build.0 = Release|Any CPU
	EndGlobalSection
	GlobalSection(SolutionProperties) = preSolution
		HideSolutionNode = FALSE
	EndGlobalSection
	GlobalSection(ExtensibilityGlobals) = postSolution
		SolutionGuid = {9E6FFA42-8BF1-492C-99A6-B3ADC0BD329A}
	EndGlobalSection
EndGlobal
